
Microsoft Visual Studio Solution File, Format Version 12.00
# Visual Studio Version 16
VisualStudioVersion = 16.0.30907.101
MinimumVisualStudioVersion = 10.0.40219.1
Project("{FAE04EC0-301F-11D3-BF4B-00C04F79EFBC}") = "Caculator_WPF", "Caculator_WPF.csproj", "{8F0E27F3-E520-468C-9AF9-59C9D16D0F72}"
EndProject
Global
	GlobalSection(SolutionConfigurationPlatforms) = preSolution
		Debug|Any CPU = Debug|Any CPU
		Release|Any CPU = Release|Any CPU
	EndGlobalSection
	GlobalSection(ProjectConfigurationPlatforms) = postSolution
		{8F0E27F3-E520-468C-9AF9-59C9D16D0F72}.Debug|Any CPU.ActiveCfg = Debug|Any CPU
		{8F0E27F3-E520-468C-9AF9-59C9D16D0F72}.Debug|Any CPU.Build.0 = Debug|Any CPU
		{8F0E27F3-E520-468C-9AF9-59C9D16D0F72}.Release|Any CPU.ActiveCfg = Release|Any CPU
		{8F0E27F3-E520-468C-9AF9-59C9D16D0F72}.Release|Any CPU.Build.0 = Release|Any CPU
	EndGlobalSection
	GlobalSection(SolutionProperties) = preSolution
		HideSolutionNode = FALSE
	EndGlobalSection
	GlobalSection(ExtensibilityGlobals) = postSolution
		SolutionGuid = {77FCA81D-B0DB-4CE4-8173-C2484A22DC91}
	EndGlobalSection
EndGlobal
